[[package]]
category = "main"
description = "ASGI specs, helper code, and adapters"
name = "asgiref"
optional = false
python-versions = ">=3.5"
version = "3.2.10"

[package.extras]
tests = ["pytest", "pytest-asyncio"]

[[package]]
category = "main"
description = "Foreign Function Interface for Python calling C code."
name = "cffi"
optional = false
python-versions = "*"
version = "1.14.1"

[package.dependencies]
pycparser = "*"

[[package]]
category = "main"
description = "Composable command line interface toolkit"
name = "click"
optional = false
python-versions = ">=2.7, !=3.0.*, !=3.1.*, !=3.2.*, !=3.3.*, !=3.4.*"
version = "7.1.2"

[[package]]
category = "main"
description = "cryptography is a package which provides cryptographic recipes and primitives to Python developers."
name = "cryptography"
optional = false
python-versions = ">=2.7,!=3.0.*,!=3.1.*,!=3.2.*,!=3.3.*,!=3.4.*"
version = "3.0"

[package.dependencies]
cffi = ">=1.8,<1.11.3 || >1.11.3"
six = ">=1.4.1"

[package.extras]
docs = ["sphinx (>=1.6.5,<1.8.0 || >1.8.0,<3.1.0 || >3.1.0,<3.1.1 || >3.1.1)", "sphinx-rtd-theme"]
docstest = ["doc8", "pyenchant (>=1.6.11)", "twine (>=1.12.0)", "sphinxcontrib-spelling (>=4.0.1)"]
idna = ["idna (>=2.1)"]
pep8test = ["black", "flake8", "flake8-import-order", "pep8-naming"]
ssh = ["bcrypt (>=3.1.5)"]
test = ["pytest (>=3.6.0,<3.9.0 || >3.9.0,<3.9.1 || >3.9.1,<3.9.2 || >3.9.2)", "pretend", "iso8601", "pytz", "hypothesis (>=1.11.4,<3.79.2 || >3.79.2)"]

[[package]]
category = "main"
description = "A high-level Python Web framework that encourages rapid development and clean, pragmatic design."
name = "django"
optional = false
python-versions = ">=3.6"
version = "3.1"

[package.dependencies]
asgiref = ">=3.2.10,<3.3.0"
pytz = "*"
sqlparse = ">=0.2.2"

[package.extras]
argon2 = ["argon2-cffi (>=16.1.0)"]
bcrypt = ["bcrypt"]

[[package]]
category = "main"
description = "Web APIs for Django, made easy."
name = "djangorestframework"
optional = false
python-versions = ">=3.5"
version = "3.11.1"

[package.dependencies]
django = ">=1.11"

[[package]]
category = "main"
description = "JSON Web Token based authentication for Django REST framework"
name = "drf-jwt"
optional = false
python-versions = "!=3.0.*,!=3.1.*,!=3.2.*,!=3.3.*,!=3.4.*,>=2.7"
version = "1.16.2"

[package.dependencies]
Django = ">=1.11"
djangorestframework = ">=3.7"

[package.dependencies.PyJWT]
extras = ["crypto"]
version = ">=1.5.2,<2.0.0"

[package.extras]
dev = ["tox"]
docs = ["mkdocs (0.13.2)"]
lint = ["isort", "black", "flake8"]
test = ["mock", "pytest (>=3.0)", "pytest-cov", "pytest-django", "pytest-runner", "cryptography (2.0.3)"]

[[package]]
category = "dev"
description = "the modular source code checker: pep8 pyflakes and co"
name = "flake8"
optional = false
python-versions = "!=3.0.*,!=3.1.*,!=3.2.*,!=3.3.*,>=2.7"
version = "3.8.3"

[package.dependencies]
mccabe = ">=0.6.0,<0.7.0"
pycodestyle = ">=2.6.0a1,<2.7.0"
pyflakes = ">=2.2.0,<2.3.0"

[[package]]
category = "main"
description = "A pure-Python, bring-your-own-I/O implementation of HTTP/1.1"
name = "h11"
optional = false
python-versions = "*"
version = "0.9.0"

[[package]]
category = "main"
description = "A collection of framework independent HTTP protocol utils."
marker = "sys_platform != \"win32\" and sys_platform != \"cygwin\" and platform_python_implementation != \"PyPy\""
name = "httptools"
optional = false
python-versions = "*"
version = "0.1.1"

[package.extras]
test = ["Cython (0.29.14)"]

[[package]]
category = "dev"
description = "McCabe checker, plugin for flake8"
name = "mccabe"
optional = false
python-versions = "*"
version = "0.6.1"

[[package]]
category = "dev"
description = "Python style guide checker"
name = "pycodestyle"
optional = false
python-versions = ">=2.7, !=3.0.*, !=3.1.*, !=3.2.*, !=3.3.*"
version = "2.6.0"

[[package]]
category = "main"
description = "C parser in Python"
name = "pycparser"
optional = false
python-versions = ">=2.7, !=3.0.*, !=3.1.*, !=3.2.*, !=3.3.*"
version = "2.20"

[[package]]
category = "dev"
description = "passive checker of Python programs"
name = "pyflakes"
optional = false
python-versions = ">=2.7, !=3.0.*, !=3.1.*, !=3.2.*, !=3.3.*"
version = "2.2.0"

[[package]]
category = "main"
description = "JSON Web Token implementation in Python"
name = "pyjwt"
optional = false
python-versions = "*"
version = "1.7.1"

[package.dependencies]
[package.dependencies.cryptography]
optional = true
version = ">=1.4"

[package.extras]
crypto = ["cryptography (>=1.4)"]
flake8 = ["flake8", "flake8-import-order", "pep8-naming"]
test = ["pytest (>=4.0.1,<5.0.0)", "pytest-cov (>=2.6.0,<3.0.0)", "pytest-runner (>=4.2,<5.0.0)"]

[[package]]
category = "main"
description = "World timezone definitions, modern and historical"
name = "pytz"
optional = false
python-versions = "*"
version = "2020.1"

[[package]]
category = "dev"
description = "a python refactoring library..."
name = "rope"
optional = false
python-versions = "*"
version = "0.17.0"

[package.extras]
dev = ["pytest"]

[[package]]
category = "main"
description = "Python 2 and 3 compatibility utilities"
name = "six"
optional = false
python-versions = ">=2.7, !=3.0.*, !=3.1.*, !=3.2.*"
version = "1.15.0"

[[package]]
category = "main"
description = "Non-validating SQL parser"
name = "sqlparse"
optional = false
python-versions = ">=2.7, !=3.0.*, !=3.1.*, !=3.2.*, !=3.3.*"
version = "0.3.1"

[[package]]
category = "main"
description = "The lightning-fast ASGI server."
name = "uvicorn"
optional = false
python-versions = "*"
version = "0.11.8"

[package.dependencies]
click = ">=7.0.0,<8.0.0"
h11 = ">=0.8,<0.10"
httptools = ">=0.1.0,<0.2.0"
uvloop = ">=0.14.0"
websockets = ">=8.0.0,<9.0.0"

[package.extras]
watchgodreload = ["watchgod (>=0.6,<0.7)"]

[[package]]
category = "main"
description = "Fast implementation of asyncio event loop on top of libuv"
marker = "sys_platform != \"win32\" and sys_platform != \"cygwin\" and platform_python_implementation != \"PyPy\""
name = "uvloop"
optional = false
python-versions = "*"
version = "0.14.0"

[[package]]
category = "main"
description = "An implementation of the WebSocket Protocol (RFC 6455 & 7692)"
name = "websockets"
optional = false
python-versions = ">=3.6.1"
version = "8.1"

[metadata]
content-hash = "65e43c6948013a8f8b30c54a067b67d8032f7f79b289d89ef6c5c716c43fde9c"
python-versions = "^3.8"

[metadata.files]
asgiref = [
    {file = "asgiref-3.2.10-py3-none-any.whl", hash = "sha256:9fc6fb5d39b8af147ba40765234fa822b39818b12cc80b35ad9b0cef3a476aed"},
    {file = "asgiref-3.2.10.tar.gz", hash = "sha256:7e51911ee147dd685c3c8b805c0ad0cb58d360987b56953878f8c06d2d1c6f1a"},
]
cffi = [
    {file = "cffi-1.14.1-cp27-cp27m-macosx_10_9_x86_64.whl", hash = "sha256:66dd45eb9530e3dde8f7c009f84568bc7cac489b93d04ac86e3111fb46e470c2"},
    {file = "cffi-1.14.1-cp27-cp27m-manylinux1_i686.whl", hash = "sha256:4f53e4128c81ca3212ff4cf097c797ab44646a40b42ec02a891155cd7a2ba4d8"},
    {file = "cffi-1.14.1-cp27-cp27m-manylinux1_x86_64.whl", hash = "sha256:833401b15de1bb92791d7b6fb353d4af60dc688eaa521bd97203dcd2d124a7c1"},
    {file = "cffi-1.14.1-cp27-cp27m-win32.whl", hash = "sha256:26f33e8f6a70c255767e3c3f957ccafc7f1f706b966e110b855bfe944511f1f9"},
    {file = "cffi-1.14.1-cp27-cp27m-win_amd64.whl", hash = "sha256:b87dfa9f10a470eee7f24234a37d1d5f51e5f5fa9eeffda7c282e2b8f5162eb1"},
    {file = "cffi-1.14.1-cp27-cp27mu-manylinux1_i686.whl", hash = "sha256:effd2ba52cee4ceff1a77f20d2a9f9bf8d50353c854a282b8760ac15b9833168"},
    {file = "cffi-1.14.1-cp27-cp27mu-manylinux1_x86_64.whl", hash = "sha256:bac0d6f7728a9cc3c1e06d4fcbac12aaa70e9379b3025b27ec1226f0e2d404cf"},
    {file = "cffi-1.14.1-cp35-cp35m-macosx_10_9_x86_64.whl", hash = "sha256:d6033b4ffa34ef70f0b8086fd4c3df4bf801fee485a8a7d4519399818351aa8e"},
    {file = "cffi-1.14.1-cp35-cp35m-manylinux1_i686.whl", hash = "sha256:8416ed88ddc057bab0526d4e4e9f3660f614ac2394b5e019a628cdfff3733849"},
    {file = "cffi-1.14.1-cp35-cp35m-manylinux1_x86_64.whl", hash = "sha256:892daa86384994fdf4856cb43c93f40cbe80f7f95bb5da94971b39c7f54b3a9c"},
    {file = "cffi-1.14.1-cp35-cp35m-win32.whl", hash = "sha256:c991112622baee0ae4d55c008380c32ecfd0ad417bcd0417ba432e6ba7328caa"},
    {file = "cffi-1.14.1-cp35-cp35m-win_amd64.whl", hash = "sha256:fcf32bf76dc25e30ed793145a57426064520890d7c02866eb93d3e4abe516948"},
    {file = "cffi-1.14.1-cp36-cp36m-macosx_10_9_x86_64.whl", hash = "sha256:f960375e9823ae6a07072ff7f8a85954e5a6434f97869f50d0e41649a1c8144f"},
    {file = "cffi-1.14.1-cp36-cp36m-manylinux1_i686.whl", hash = "sha256:a6d28e7f14ecf3b2ad67c4f106841218c8ab12a0683b1528534a6c87d2307af3"},
    {file = "cffi-1.14.1-cp36-cp36m-manylinux1_x86_64.whl", hash = "sha256:cda422d54ee7905bfc53ee6915ab68fe7b230cacf581110df4272ee10462aadc"},
    {file = "cffi-1.14.1-cp36-cp36m-win32.whl", hash = "sha256:4a03416915b82b81af5502459a8a9dd62a3c299b295dcdf470877cb948d655f2"},
    {file = "cffi-1.14.1-cp36-cp36m-win_amd64.whl", hash = "sha256:4ce1e995aeecf7cc32380bc11598bfdfa017d592259d5da00fc7ded11e61d022"},
    {file = "cffi-1.14.1-cp37-cp37m-macosx_10_9_x86_64.whl", hash = "sha256:e23cb7f1d8e0f93addf0cae3c5b6f00324cccb4a7949ee558d7b6ca973ab8ae9"},
    {file = "cffi-1.14.1-cp37-cp37m-manylinux1_i686.whl", hash = "sha256:ddff0b2bd7edcc8c82d1adde6dbbf5e60d57ce985402541cd2985c27f7bec2a0"},
    {file = "cffi-1.14.1-cp37-cp37m-manylinux1_x86_64.whl", hash = "sha256:f90c2267101010de42f7273c94a1f026e56cbc043f9330acd8a80e64300aba33"},
    {file = "cffi-1.14.1-cp37-cp37m-win32.whl", hash = "sha256:3cd2c044517f38d1b577f05927fb9729d3396f1d44d0c659a445599e79519792"},
    {file = "cffi-1.14.1-cp37-cp37m-win_amd64.whl", hash = "sha256:4fa72a52a906425416f41738728268072d5acfd48cbe7796af07a923236bcf96"},
    {file = "cffi-1.14.1-cp38-cp38-macosx_10_9_x86_64.whl", hash = "sha256:267adcf6e68d77ba154334a3e4fc921b8e63cbb38ca00d33d40655d4228502bc"},
    {file = "cffi-1.14.1-cp38-cp38-manylinux1_i686.whl", hash = "sha256:d3148b6ba3923c5850ea197a91a42683f946dba7e8eb82dfa211ab7e708de939"},
    {file = "cffi-1.14.1-cp38-cp38-manylinux1_x86_64.whl", hash = "sha256:98be759efdb5e5fa161e46d404f4e0ce388e72fbf7d9baf010aff16689e22abe"},
    {file = "cffi-1.14.1-cp38-cp38-win32.whl", hash = "sha256:6923d077d9ae9e8bacbdb1c07ae78405a9306c8fd1af13bfa06ca891095eb995"},
    {file = "cffi-1.14.1-cp38-cp38-win_amd64.whl", hash = "sha256:b1d6ebc891607e71fd9da71688fcf332a6630b7f5b7f5549e6e631821c0e5d90"},
    {file = "cffi-1.14.1.tar.gz", hash = "sha256:b2a2b0d276a136146e012154baefaea2758ef1f56ae9f4e01c612b0831e0bd2f"},
]
click = [
    {file = "click-7.1.2-py2.py3-none-any.whl", hash = "sha256:dacca89f4bfadd5de3d7489b7c8a566eee0d3676333fbb50030263894c38c0dc"},
    {file = "click-7.1.2.tar.gz", hash = "sha256:d2b5255c7c6349bc1bd1e59e08cd12acbbd63ce649f2588755783aa94dfb6b1a"},
]
cryptography = [
    {file = "cryptography-3.0-cp27-cp27m-macosx_10_10_x86_64.whl", hash = "sha256:ab49edd5bea8d8b39a44b3db618e4783ef84c19c8b47286bf05dfdb3efb01c83"},
    {file = "cryptography-3.0-cp27-cp27m-manylinux1_x86_64.whl", hash = "sha256:124af7255ffc8e964d9ff26971b3a6153e1a8a220b9a685dc407976ecb27a06a"},
    {file = "cryptography-3.0-cp27-cp27m-manylinux2010_x86_64.whl", hash = "sha256:51e40123083d2f946794f9fe4adeeee2922b581fa3602128ce85ff813d85b81f"},
    {file = "cryptography-3.0-cp27-cp27m-win32.whl", hash = "sha256:dea0ba7fe6f9461d244679efa968d215ea1f989b9c1957d7f10c21e5c7c09ad6"},
    {file = "cryptography-3.0-cp27-cp27m-win_amd64.whl", hash = "sha256:8ecf9400d0893836ff41b6f977a33972145a855b6efeb605b49ee273c5e6469f"},
    {file = "cryptography-3.0-cp27-cp27mu-manylinux1_x86_64.whl", hash = "sha256:0c608ff4d4adad9e39b5057de43657515c7da1ccb1807c3a27d4cf31fc923b4b"},
    {file = "cryptography-3.0-cp27-cp27mu-manylinux2010_x86_64.whl", hash = "sha256:bec7568c6970b865f2bcebbe84d547c52bb2abadf74cefce396ba07571109c67"},
    {file = "cryptography-3.0-cp35-abi3-macosx_10_10_x86_64.whl", hash = "sha256:0cbfed8ea74631fe4de00630f4bb592dad564d57f73150d6f6796a24e76c76cd"},
    {file = "cryptography-3.0-cp35-abi3-manylinux1_x86_64.whl", hash = "sha256:a09fd9c1cca9a46b6ad4bea0a1f86ab1de3c0c932364dbcf9a6c2a5eeb44fa77"},
    {file = "cryptography-3.0-cp35-abi3-manylinux2010_x86_64.whl", hash = "sha256:ce82cc06588e5cbc2a7df3c8a9c778f2cb722f56835a23a68b5a7264726bb00c"},
    {file = "cryptography-3.0-cp35-cp35m-win32.whl", hash = "sha256:9367d00e14dee8d02134c6c9524bb4bd39d4c162456343d07191e2a0b5ec8b3b"},
    {file = "cryptography-3.0-cp35-cp35m-win_amd64.whl", hash = "sha256:384d7c681b1ab904fff3400a6909261cae1d0939cc483a68bdedab282fb89a07"},
    {file = "cryptography-3.0-cp36-cp36m-win32.whl", hash = "sha256:4d355f2aee4a29063c10164b032d9fa8a82e2c30768737a2fd56d256146ad559"},
    {file = "cryptography-3.0-cp36-cp36m-win_amd64.whl", hash = "sha256:45741f5499150593178fc98d2c1a9c6722df88b99c821ad6ae298eff0ba1ae71"},
    {file = "cryptography-3.0-cp37-cp37m-win32.whl", hash = "sha256:8ecef21ac982aa78309bb6f092d1677812927e8b5ef204a10c326fc29f1367e2"},
    {file = "cryptography-3.0-cp37-cp37m-win_amd64.whl", hash = "sha256:4b9303507254ccb1181d1803a2080a798910ba89b1a3c9f53639885c90f7a756"},
    {file = "cryptography-3.0-cp38-cp38-win32.whl", hash = "sha256:8713ddb888119b0d2a1462357d5946b8911be01ddbf31451e1d07eaa5077a261"},
    {file = "cryptography-3.0-cp38-cp38-win_amd64.whl", hash = "sha256:bea0b0468f89cdea625bb3f692cd7a4222d80a6bdafd6fb923963f2b9da0e15f"},
    {file = "cryptography-3.0.tar.gz", hash = "sha256:8e924dbc025206e97756e8903039662aa58aa9ba357d8e1d8fc29e3092322053"},
]
django = [
    {file = "Django-3.1-py3-none-any.whl", hash = "sha256:1a63f5bb6ff4d7c42f62a519edc2adbb37f9b78068a5a862beff858b68e3dc8b"},
    {file = "Django-3.1.tar.gz", hash = "sha256:2d390268a13c655c97e0e2ede9d117007996db692c1bb93eabebd4fb7ea7012b"},
]
djangorestframework = [
    {file = "djangorestframework-3.11.1-py3-none-any.whl", hash = "sha256:8b1ac62c581dbc5799b03e535854b92fc4053ecfe74bad3f9c05782063d4196b"},
    {file = "djangorestframework-3.11.1.tar.gz", hash = "sha256:6dd02d5a4bd2516fb93f80360673bf540c3b6641fec8766b1da2870a5aa00b32"},
]
drf-jwt = [
    {file = "drf-jwt-1.16.2.tar.gz", hash = "sha256:e184fc1e377197fe2614ffc6e40659aa43c83f256a58cc2043c0f182699b6c71"},
    {file = "drf_jwt-1.16.2-py2.py3-none-any.whl", hash = "sha256:855499bb4700a73e5345a3f422ea2b228565e94756dd3c8b07741aebaf6799a8"},
]
flake8 = [
    {file = "flake8-3.8.3-py2.py3-none-any.whl", hash = "sha256:15e351d19611c887e482fb960eae4d44845013cc142d42896e9862f775d8cf5c"},
    {file = "flake8-3.8.3.tar.gz", hash = "sha256:f04b9fcbac03b0a3e58c0ab3a0ecc462e023a9faf046d57794184028123aa208"},
]
h11 = [
    {file = "h11-0.9.0-py2.py3-none-any.whl", hash = "sha256:4bc6d6a1238b7615b266ada57e0618568066f57dd6fa967d1290ec9309b2f2f1"},
    {file = "h11-0.9.0.tar.gz", hash = "sha256:33d4bca7be0fa039f4e84d50ab00531047e53d6ee8ffbc83501ea602c169cae1"},
]
httptools = [
    {file = "httptools-0.1.1-cp35-cp35m-macosx_10_13_x86_64.whl", hash = "sha256:a2719e1d7a84bb131c4f1e0cb79705034b48de6ae486eb5297a139d6a3296dce"},
    {file = "httptools-0.1.1-cp35-cp35m-manylinux1_x86_64.whl", hash = "sha256:fa3cd71e31436911a44620473e873a256851e1f53dee56669dae403ba41756a4"},
    {file = "httptools-0.1.1-cp36-cp36m-macosx_10_13_x86_64.whl", hash = "sha256:86c6acd66765a934e8730bf0e9dfaac6fdcf2a4334212bd4a0a1c78f16475ca6"},
    {file = "httptools-0.1.1-cp36-cp36m-manylinux1_x86_64.whl", hash = "sha256:bc3114b9edbca5a1eb7ae7db698c669eb53eb8afbbebdde116c174925260849c"},
    {file = "httptools-0.1.1-cp36-cp36m-win_amd64.whl", hash = "sha256:ac0aa11e99454b6a66989aa2d44bca41d4e0f968e395a0a8f164b401fefe359a"},
    {file = "httptools-0.1.1-cp37-cp37m-macosx_10_13_x86_64.whl", hash = "sha256:96da81e1992be8ac2fd5597bf0283d832287e20cb3cfde8996d2b00356d4e17f"},
    {file = "httptools-0.1.1-cp37-cp37m-manylinux1_x86_64.whl", hash = "sha256:56b6393c6ac7abe632f2294da53f30d279130a92e8ae39d8d14ee2e1b05ad1f2"},
    {file = "httptools-0.1.1-cp37-cp37m-win_amd64.whl", hash = "sha256:96eb359252aeed57ea5c7b3d79839aaa0382c9d3149f7d24dd7172b1bcecb009"},
    {file = "httptools-0.1.1-cp38-cp38-macosx_10_13_x86_64.whl", hash = "sha256:fea04e126014169384dee76a153d4573d90d0cbd1d12185da089f73c78390437"},
    {file = "httptools-0.1.1-cp38-cp38-manylinux1_x86_64.whl", hash = "sha256:3592e854424ec94bd17dc3e0c96a64e459ec4147e6d53c0a42d0ebcef9cb9c5d"},
    {file = "httptools-0.1.1-cp38-cp38-win_amd64.whl", hash = "sha256:0a4b1b2012b28e68306575ad14ad5e9120b34fccd02a81eb08838d7e3bbb48be"},
    {file = "httptools-0.1.1.tar.gz", hash = "sha256:41b573cf33f64a8f8f3400d0a7faf48e1888582b6f6e02b82b9bd4f0bf7497ce"},
]
mccabe = [
    {file = "mccabe-0.6.1-py2.py3-none-any.whl", hash = "sha256:ab8a6258860da4b6677da4bd2fe5dc2c659cff31b3ee4f7f5d64e79735b80d42"},
    {file = "mccabe-0.6.1.tar.gz", hash = "sha256:dd8d182285a0fe56bace7f45b5e7d1a6ebcbf524e8f3bd87eb0f125271b8831f"},
]
pycodestyle = [
    {file = "pycodestyle-2.6.0-py2.py3-none-any.whl", hash = "sha256:2295e7b2f6b5bd100585ebcb1f616591b652db8a741695b3d8f5d28bdc934367"},
    {file = "pycodestyle-2.6.0.tar.gz", hash = "sha256:c58a7d2815e0e8d7972bf1803331fb0152f867bd89adf8a01dfd55085434192e"},
]
pycparser = [
    {file = "pycparser-2.20-py2.py3-none-any.whl", hash = "sha256:7582ad22678f0fcd81102833f60ef8d0e57288b6b5fb00323d101be910e35705"},
    {file = "pycparser-2.20.tar.gz", hash = "sha256:2d475327684562c3a96cc71adf7dc8c4f0565175cf86b6d7a404ff4c771f15f0"},
]
pyflakes = [
    {file = "pyflakes-2.2.0-py2.py3-none-any.whl", hash = "sha256:0d94e0e05a19e57a99444b6ddcf9a6eb2e5c68d3ca1e98e90707af8152c90a92"},
    {file = "pyflakes-2.2.0.tar.gz", hash = "sha256:35b2d75ee967ea93b55750aa9edbbf72813e06a66ba54438df2cfac9e3c27fc8"},
]
pyjwt = [
    {file = "PyJWT-1.7.1-py2.py3-none-any.whl", hash = "sha256:5c6eca3c2940464d106b99ba83b00c6add741c9becaec087fb7ccdefea71350e"},
    {file = "PyJWT-1.7.1.tar.gz", hash = "sha256:8d59a976fb773f3e6a39c85636357c4f0e242707394cadadd9814f5cbaa20e96"},
]
pytz = [
    {file = "pytz-2020.1-py2.py3-none-any.whl", hash = "sha256:a494d53b6d39c3c6e44c3bec237336e14305e4f29bbf800b599253057fbb79ed"},
    {file = "pytz-2020.1.tar.gz", hash = "sha256:c35965d010ce31b23eeb663ed3cc8c906275d6be1a34393a1d73a41febf4a048"},
]
rope = [
    {file = "rope-0.17.0.tar.gz", hash = "sha256:658ad6705f43dcf3d6df379da9486529cf30e02d9ea14c5682aa80eb33b649e1"},
]
six = [
    {file = "six-1.15.0-py2.py3-none-any.whl", hash = "sha256:8b74bedcbbbaca38ff6d7491d76f2b06b3592611af620f8426e82dddb04a5ced"},
    {file = "six-1.15.0.tar.gz", hash = "sha256:30639c035cdb23534cd4aa2dd52c3bf48f06e5f4a941509c8bafd8ce11080259"},
]
sqlparse = [
    {file = "sqlparse-0.3.1-py2.py3-none-any.whl", hash = "sha256:022fb9c87b524d1f7862b3037e541f68597a730a8843245c349fc93e1643dc4e"},
    {file = "sqlparse-0.3.1.tar.gz", hash = "sha256:e162203737712307dfe78860cc56c8da8a852ab2ee33750e33aeadf38d12c548"},
]
uvicorn = [
    {file = "uvicorn-0.11.8-py3-none-any.whl", hash = "sha256:4b70ddb4c1946e39db9f3082d53e323dfd50634b95fd83625d778729ef1730ef"},
    {file = "uvicorn-0.11.8.tar.gz", hash = "sha256:46a83e371f37ea7ff29577d00015f02c942410288fb57def6440f2653fff1d26"},
]
uvloop = [
    {file = "uvloop-0.14.0-cp35-cp35m-macosx_10_11_x86_64.whl", hash = "sha256:08b109f0213af392150e2fe6f81d33261bb5ce968a288eb698aad4f46eb711bd"},
    {file = "uvloop-0.14.0-cp35-cp35m-manylinux2010_x86_64.whl", hash = "sha256:4544dcf77d74f3a84f03dd6278174575c44c67d7165d4c42c71db3fdc3860726"},
    {file = "uvloop-0.14.0-cp36-cp36m-macosx_10_11_x86_64.whl", hash = "sha256:b4f591aa4b3fa7f32fb51e2ee9fea1b495eb75b0b3c8d0ca52514ad675ae63f7"},
    {file = "uvloop-0.14.0-cp36-cp36m-manylinux2010_x86_64.whl", hash = "sha256:f07909cd9fc08c52d294b1570bba92186181ca01fe3dc9ffba68955273dd7362"},
    {file = "uvloop-0.14.0-cp37-cp37m-macosx_10_11_x86_64.whl", hash = "sha256:afd5513c0ae414ec71d24f6f123614a80f3d27ca655a4fcf6cabe50994cc1891"},
    {file = "uvloop-0.14.0-cp37-cp37m-manylinux2010_x86_64.whl", hash = "sha256:e7514d7a48c063226b7d06617cbb12a14278d4323a065a8d46a7962686ce2e95"},
    {file = "uvloop-0.14.0-cp38-cp38-macosx_10_11_x86_64.whl", hash = "sha256:bcac356d62edd330080aed082e78d4b580ff260a677508718f88016333e2c9c5"},
    {file = "uvloop-0.14.0-cp38-cp38-manylinux2010_x86_64.whl", hash = "sha256:4315d2ec3ca393dd5bc0b0089d23101276778c304d42faff5dc4579cb6caef09"},
    {file = "uvloop-0.14.0.tar.gz", hash = "sha256:123ac9c0c7dd71464f58f1b4ee0bbd81285d96cdda8bc3519281b8973e3a461e"},
]
websockets = [
    {file = "websockets-8.1-cp36-cp36m-macosx_10_6_intel.whl", hash = "sha256:3762791ab8b38948f0c4d281c8b2ddfa99b7e510e46bd8dfa942a5fff621068c"},
    {file = "websockets-8.1-cp36-cp36m-manylinux1_i686.whl", hash = "sha256:3db87421956f1b0779a7564915875ba774295cc86e81bc671631379371af1170"},
    {file = "websockets-8.1-cp36-cp36m-manylinux1_x86_64.whl", hash = "sha256:4f9f7d28ce1d8f1295717c2c25b732c2bc0645db3215cf757551c392177d7cb8"},
    {file = "websockets-8.1-cp36-cp36m-manylinux2010_i686.whl", hash = "sha256:295359a2cc78736737dd88c343cd0747546b2174b5e1adc223824bcaf3e164cb"},
    {file = "websockets-8.1-cp36-cp36m-manylinux2010_x86_64.whl", hash = "sha256:1d3f1bf059d04a4e0eb4985a887d49195e15ebabc42364f4eb564b1d065793f5"},
    {file = "websockets-8.1-cp36-cp36m-win32.whl", hash = "sha256:2db62a9142e88535038a6bcfea70ef9447696ea77891aebb730a333a51ed559a"},
    {file = "websockets-8.1-cp36-cp36m-win_amd64.whl", hash = "sha256:0e4fb4de42701340bd2353bb2eee45314651caa6ccee80dbd5f5d5978888fed5"},
    {file = "websockets-8.1-cp37-cp37m-macosx_10_6_intel.whl", hash = "sha256:9b248ba3dd8a03b1a10b19efe7d4f7fa41d158fdaa95e2cf65af5a7b95a4f989"},
    {file = "websockets-8.1-cp37-cp37m-manylinux1_i686.whl", hash = "sha256:ce85b06a10fc65e6143518b96d3dca27b081a740bae261c2fb20375801a9d56d"},
    {file = "websockets-8.1-cp37-cp37m-manylinux1_x86_64.whl", hash = "sha256:965889d9f0e2a75edd81a07592d0ced54daa5b0785f57dc429c378edbcffe779"},
    {file = "websockets-8.1-cp37-cp37m-manylinux2010_i686.whl", hash = "sha256:751a556205d8245ff94aeef23546a1113b1dd4f6e4d102ded66c39b99c2ce6c8"},
    {file = "websockets-8.1-cp37-cp37m-manylinux2010_x86_64.whl", hash = "sha256:3ef56fcc7b1ff90de46ccd5a687bbd13a3180132268c4254fc0fa44ecf4fc422"},
    {file = "websockets-8.1-cp37-cp37m-win32.whl", hash = "sha256:7ff46d441db78241f4c6c27b3868c9ae71473fe03341340d2dfdbe8d79310acc"},
    {file = "websockets-8.1-cp37-cp37m-win_amd64.whl", hash = "sha256:20891f0dddade307ffddf593c733a3fdb6b83e6f9eef85908113e628fa5a8308"},
    {file = "websockets-8.1-cp38-cp38-macosx_10_9_x86_64.whl", hash = "sha256:c1ec8db4fac31850286b7cd3b9c0e1b944204668b8eb721674916d4e28744092"},
    {file = "websockets-8.1-cp38-cp38-manylinux1_i686.whl", hash = "sha256:5c01fd846263a75bc8a2b9542606927cfad57e7282965d96b93c387622487485"},
    {file = "websockets-8.1-cp38-cp38-manylinux1_x86_64.whl", hash = "sha256:9bef37ee224e104a413f0780e29adb3e514a5b698aabe0d969a6ba426b8435d1"},
    {file = "websockets-8.1-cp38-cp38-manylinux2010_i686.whl", hash = "sha256:d705f8aeecdf3262379644e4b55107a3b55860eb812b673b28d0fbc347a60c55"},
    {file = "websockets-8.1-cp38-cp38-manylinux2010_x86_64.whl", hash = "sha256:c8a116feafdb1f84607cb3b14aa1418424ae71fee131642fc568d21423b51824"},
    {file = "websockets-8.1-cp38-cp38-win32.whl", hash = "sha256:e898a0863421650f0bebac8ba40840fc02258ef4714cb7e1fd76b6a6354bda36"},
    {file = "websockets-8.1-cp38-cp38-win_amd64.whl", hash = "sha256:f8a7bff6e8664afc4e6c28b983845c5bc14965030e3fb98789734d416af77c4b"},
    {file = "websockets-8.1.tar.gz", hash = "sha256:5c65d2da8c6bce0fca2528f69f44b2f977e06954c8512a952222cea50dad430f"},
]
